
Microsoft Visual Studio Solution File, Format Version 12.00
# Visual Studio Version 16
VisualStudioVersion = 16.0.29806.167
MinimumVisualStudioVersion = 10.0.40219.1
Project("{9A19103F-16F7-4668-BE54-9A1E7A4F7556}") = "DispatchProxySample", "DispatchProxySample\DispatchProxySample.csproj", "{AD75A40A-0DBD-420C-9B5B-AD09D5DC2538}"
EndProject
Project("{FAE04EC0-301F-11D3-BF4B-00C04F79EFBC}") = "RealProxySample", "RealProxySample\RealProxySample.csproj", "{B08C0810-AB51-4FBC-A927-BB6986A8D69C}"
EndProject
Project("{FAE04EC0-301F-11D3-BF4B-00C04F79EFBC}") = "FromScratch", "FromScratch\FromScratch.csproj", "{88D2CF5F-FBE8-4331-9C9C-DA1294094B42}"
EndProject
Project("{FAE04EC0-301F-11D3-BF4B-00C04F79EFBC}") = "UnityInterceptionSample", "UnityInterceptionSample\UnityInterceptionSample.csproj", "{0491ECCA-72AC-46A8-8F34-A60E54FEE26B}"
EndProject
Project("{FAE04EC0-301F-11D3-BF4B-00C04F79EFBC}") = "FodySample", "FodySample\FodySample.csproj", "{15D1E8F9-8C46-4BE1-BBAD-CFFC0C71FB96}"
EndProject
Project("{FAE04EC0-301F-11D3-BF4B-00C04F79EFBC}") = "CastleNotifyPropertyChangedMixinSample", "CastleNotifyPropertyChangedMixinSample\CastleNotifyPropertyChangedMixinSample.csproj", "{F8FA270B-C542-4C95-AB76-F9B6C46141EA}"
EndProject
Project("{2150E333-8FDC-42A3-9474-1A3956D46DE8}") = "Castle", "Castle", "{B4D05320-F8EE-4087-B911-AA101888B42F}"
EndProject
Project("{2150E333-8FDC-42A3-9474-1A3956D46DE8}") = "Fody", "Fody", "{AF415E27-D533-49D4-BAAF-2BEDC2DF978D}"
EndProject
Project("{2150E333-8FDC-42A3-9474-1A3956D46DE8}") = "DispatchProxy", "DispatchProxy", "{666242F4-CCEC-4FF0-A9C6-08C780889D58}"
EndProject
Project("{2150E333-8FDC-42A3-9474-1A3956D46DE8}") = "RealProxy", "RealProxy", "{DD1D6DF9-14BE-4E2B-8368-F864B3B207E4}"
EndProject
Project("{2150E333-8FDC-42A3-9474-1A3956D46DE8}") = "Unity.Interception", "Unity.Interception", "{B61A488B-59B2-4097-BF03-56C6D07065C9}"
EndProject
Project("{2150E333-8FDC-42A3-9474-1A3956D46DE8}") = "FromScratchSample", "FromScratchSample", "{56272ED7-65BD-4224-92DF-AA591DA06EF2}"
EndProject
Project("{FAE04EC0-301F-11D3-BF4B-00C04F79EFBC}") = "CastleInterceptorSelectorSample", "CastleInterceptorSelectorSample\CastleInterceptorSelectorSample.csproj", "{621BC565-0670-41F5-BA9E-9E73BFB44159}"
EndProject
Global
	GlobalSection(SolutionConfigurationPlatforms) = preSolution
		Debug|Any CPU = Debug|Any CPU
		Release|Any CPU = Release|Any CPU
	EndGlobalSection
	GlobalSection(ProjectConfigurationPlatforms) = postSolution
		{AD75A40A-0DBD-420C-9B5B-AD09D5DC2538}.Debug|Any CPU.ActiveCfg = Debug|Any CPU
		{AD75A40A-0DBD-420C-9B5B-AD09D5DC2538}.Debug|Any CPU.Build.0 = Debug|Any CPU
		{AD75A40A-0DBD-420C-9B5B-AD09D5DC2538}.Release|Any CPU.ActiveCfg = Release|Any CPU
		{AD75A40A-0DBD-420C-9B5B-AD09D5DC2538}.Release|Any CPU.Build.0 = Release|Any CPU
		{B08C0810-AB51-4FBC-A927-BB6986A8D69C}.Debug|Any CPU.ActiveCfg = Debug|Any CPU
		{B08C0810-AB51-4FBC-A927-BB6986A8D69C}.Debug|Any CPU.Build.0 = Debug|Any CPU
		{B08C0810-AB51-4FBC-A927-BB6986A8D69C}.Release|Any CPU.ActiveCfg = Release|Any CPU
		{B08C0810-AB51-4FBC-A927-BB6986A8D69C}.Release|Any CPU.Build.0 = Release|Any CPU
		{88D2CF5F-FBE8-4331-9C9C-DA1294094B42}.Debug|Any CPU.ActiveCfg = Debug|Any CPU
		{88D2CF5F-FBE8-4331-9C9C-DA1294094B42}.Debug|Any CPU.Build.0 = Debug|Any CPU
		{88D2CF5F-FBE8-4331-9C9C-DA1294094B42}.Release|Any CPU.ActiveCfg = Release|Any CPU
		{88D2CF5F-FBE8-4331-9C9C-DA1294094B42}.Release|Any CPU.Build.0 = Release|Any CPU
		{0491ECCA-72AC-46A8-8F34-A60E54FEE26B}.Debug|Any CPU.ActiveCfg = Debug|Any CPU
		{0491ECCA-72AC-46A8-8F34-A60E54FEE26B}.Debug|Any CPU.Build.0 = Debug|Any CPU
		{0491ECCA-72AC-46A8-8F34-A60E54FEE26B}.Release|Any CPU.ActiveCfg = Release|Any CPU
		{0491ECCA-72AC-46A8-8F34-A60E54FEE26B}.Release|Any CPU.Build.0 = Release|Any CPU
		{15D1E8F9-8C46-4BE1-BBAD-CFFC0C71FB96}.Debug|Any CPU.ActiveCfg = Debug|Any CPU
		{15D1E8F9-8C46-4BE1-BBAD-CFFC0C71FB96}.Debug|Any CPU.Build.0 = Debug|Any CPU
		{15D1E8F9-8C46-4BE1-BBAD-CFFC0C71FB96}.Release|Any CPU.ActiveCfg = Release|Any CPU
		{15D1E8F9-8C46-4BE1-BBAD-CFFC0C71FB96}.Release|Any CPU.Build.0 = Release|Any CPU
		{F8FA270B-C542-4C95-AB76-F9B6C46141EA}.Debug|Any CPU.ActiveCfg = Debug|Any CPU
		{F8FA270B-C542-4C95-AB76-F9B6C46141EA}.Debug|Any CPU.Build.0 = Debug|Any CPU
		{F8FA270B-C542-4C95-AB76-F9B6C46141EA}.Release|Any CPU.ActiveCfg = Release|Any CPU
		{F8FA270B-C542-4C95-AB76-F9B6C46141EA}.Release|Any CPU.Build.0 = Release|Any CPU
		{621BC565-0670-41F5-BA9E-9E73BFB44159}.Debug|Any CPU.ActiveCfg = Debug|Any CPU
		{621BC565-0670-41F5-BA9E-9E73BFB44159}.Debug|Any CPU.Build.0 = Debug|Any CPU
		{621BC565-0670-41F5-BA9E-9E73BFB44159}.Release|Any CPU.ActiveCfg = Release|Any CPU
		{621BC565-0670-41F5-BA9E-9E73BFB44159}.Release|Any CPU.Build.0 = Release|Any CPU
	EndGlobalSection
	GlobalSection(SolutionProperties) = preSolution
		HideSolutionNode = FALSE
	EndGlobalSection
	GlobalSection(NestedProjects) = preSolution
		{AD75A40A-0DBD-420C-9B5B-AD09D5DC2538} = {666242F4-CCEC-4FF0-A9C6-08C780889D58}
		{B08C0810-AB51-4FBC-A927-BB6986A8D69C} = {DD1D6DF9-14BE-4E2B-8368-F864B3B207E4}
		{88D2CF5F-FBE8-4331-9C9C-DA1294094B42} = {56272ED7-65BD-4224-92DF-AA591DA06EF2}
		{0491ECCA-72AC-46A8-8F34-A60E54FEE26B} = {B61A488B-59B2-4097-BF03-56C6D07065C9}
		{15D1E8F9-8C46-4BE1-BBAD-CFFC0C71FB96} = {AF415E27-D533-49D4-BAAF-2BEDC2DF978D}
		{F8FA270B-C542-4C95-AB76-F9B6C46141EA} = {B4D05320-F8EE-4087-B911-AA101888B42F}
		{621BC565-0670-41F5-BA9E-9E73BFB44159} = {B4D05320-F8EE-4087-B911-AA101888B42F}
	EndGlobalSection
	GlobalSection(ExtensibilityGlobals) = postSolution
		SolutionGuid = {05B287A6-FA8A-4A55-AEA2-8AEE6FB8F4AD}
	EndGlobalSection
EndGlobal
